Microsoft Visual Studio Solution File, Format Version 12.00
# Visual Studio 2012
Project("{FAE04EC0-301F-11D3-BF4B-00C04F79EFBC}") = "JesunhaBattle", "JesunhaBattle.csproj", "{694F68A1-BA77-4905-A7DA-DD9AA85FB84F}"
EndProject
Global
	GlobalSection(SolutionConfigurationPlatforms) = preSolution
	Debug|Any CPU = Debug|Any CPU
	ExportDebug|Any CPU = ExportDebug|Any CPU
	ExportRelease|Any CPU = ExportRelease|Any CPU
	EndGlobalSection
	GlobalSection(ProjectConfigurationPlatforms) = postSolution
		{694F68A1-BA77-4905-A7DA-DD9AA85FB84F}.Debug|Any CPU.ActiveCfg = Debug|Any CPU
		{694F68A1-BA77-4905-A7DA-DD9AA85FB84F}.Debug|Any CPU.Build.0 = Debug|Any CPU
		{694F68A1-BA77-4905-A7DA-DD9AA85FB84F}.ExportDebug|Any CPU.ActiveCfg = ExportDebug|Any CPU
		{694F68A1-BA77-4905-A7DA-DD9AA85FB84F}.ExportDebug|Any CPU.Build.0 = ExportDebug|Any CPU
		{694F68A1-BA77-4905-A7DA-DD9AA85FB84F}.ExportRelease|Any CPU.ActiveCfg = ExportRelease|Any CPU
		{694F68A1-BA77-4905-A7DA-DD9AA85FB84F}.ExportRelease|Any CPU.Build.0 = ExportRelease|Any CPU
	EndGlobalSection
EndGlobal
